
Microsoft Visual Studio Solution File, Format Version 12.00
# Visual Studio Version 16
VisualStudioVersion = 16.0.28922.388
MinimumVisualStudioVersion = 10.0.40219.1
Project("{FAE04EC0-301F-11D3-BF4B-00C04F79EFBC}") = "WFA_MuzisyenEkle", "WFA_MuzisyenEkle.csproj", "{6C8BD0DF-07C9-4193-9ABD-90D3979478EB}"
EndProject
Global
	GlobalSection(SolutionConfigurationPlatforms) = preSolution
		Debug|Any CPU = Debug|Any CPU
		Release|Any CPU = Release|Any CPU
	EndGlobalSection
	GlobalSection(ProjectConfigurationPlatforms) = postSolution
		{6C8BD0DF-07C9-4193-9ABD-90D3979478EB}.Debug|Any CPU.ActiveCfg = Debug|Any CPU
		{6C8BD0DF-07C9-4193-9ABD-90D3979478EB}.Debug|Any CPU.Build.0 = Debug|Any CPU
		{6C8BD0DF-07C9-4193-9ABD-90D3979478EB}.Release|Any CPU.ActiveCfg = Release|Any CPU
		{6C8BD0DF-07C9-4193-9ABD-90D3979478EB}.Release|Any CPU.Build.0 = Release|Any CPU
	EndGlobalSection
	GlobalSection(SolutionProperties) = preSolution
		HideSolutionNode = FALSE
	EndGlobalSection
	GlobalSection(ExtensibilityGlobals) = postSolution
		SolutionGuid = {4312C832-760C-403E-8913-CCE488F46C67}
	EndGlobalSection
EndGlobal
