
Microsoft Visual Studio Solution File, Format Version 12.00
# Visual Studio Version 16
VisualStudioVersion = 16.0.30011.22
MinimumVisualStudioVersion = 10.0.40219.1
Project("{FAE04EC0-301F-11D3-BF4B-00C04F79EFBC}") = "WFA_AracKayit", "WFA_AracKayit\WFA_AracKayit.csproj", "{015246FE-0892-4EF5-8FEF-DA3019789B67}"
EndProject
Global
	GlobalSection(SolutionConfigurationPlatforms) = preSolution
		Debug|Any CPU = Debug|Any CPU
		Release|Any CPU = Release|Any CPU
	EndGlobalSection
	GlobalSection(ProjectConfigurationPlatforms) = postSolution
		{015246FE-0892-4EF5-8FEF-DA3019789B67}.Debug|Any CPU.ActiveCfg = Debug|Any CPU
		{015246FE-0892-4EF5-8FEF-DA3019789B67}.Debug|Any CPU.Build.0 = Debug|Any CPU
		{015246FE-0892-4EF5-8FEF-DA3019789B67}.Release|Any CPU.ActiveCfg = Release|Any CPU
		{015246FE-0892-4EF5-8FEF-DA3019789B67}.Release|Any CPU.Build.0 = Release|Any CPU
	EndGlobalSection
	GlobalSection(SolutionProperties) = preSolution
		HideSolutionNode = FALSE
	EndGlobalSection
	GlobalSection(ExtensibilityGlobals) = postSolution
		SolutionGuid = {8B99414F-C35B-4AD5-BBC8-3E72802F4E67}
	EndGlobalSection
EndGlobal
